Microsoft Visual Studio Solution File, Format Version 12.00
# Visual Studio Version 16
VisualStudioVersion = 16.0.31105.61
MinimumVisualStudioVersion = 10.0.40219.1
Project("{9A19103F-16F7-4668-BE54-9A1E7A4F7556}") = "CS321_W4D2_ExerciseLogAPI", "CS321_W4D2_ExerciseLogAPI\CS321_W4D2_ExerciseLogAPI.csproj", "{ABA5FF78-BCA2-4226-9503-38356F4006A0}"
EndProject
Project("{9A19103F-16F7-4668-BE54-9A1E7A4F7556}") = "CS321_W4D2_ExerciseLogAPI.Core", "CS321_W4D2_ExerciseLogAPI.Core\CS321_W4D2_ExerciseLogAPI.Core.csproj", "{4B969BDA-3463-48BF-8958-E058439FACE2}"
EndProject
Project("{9A19103F-16F7-4668-BE54-9A1E7A4F7556}") = "CS321_W4D2_ExerciseLogAPI.Infrastructure", "CS321_W4D2_ExerciseLogAPI.Infrastructure\CS321_W4D2_ExerciseLogAPI.Infrastructure.csproj", "{15ECC01C-69CE-4757-9744-961EAE89EF54}"
EndProject
Global
	GlobalSection(SolutionConfigurationPlatforms) = preSolution
		Debug|Any CPU = Debug|Any CPU
		Release|Any CPU = Release|Any CPU
	EndGlobalSection
	GlobalSection(ProjectConfigurationPlatforms) = postSolution
		{ABA5FF78-BCA2-4226-9503-38356F4006A0}.Debug|Any CPU.ActiveCfg = Debug|Any CPU
		{ABA5FF78-BCA2-4226-9503-38356F4006A0}.Debug|Any CPU.Build.0 = Debug|Any CPU
		{ABA5FF78-BCA2-4226-9503-38356F4006A0}.Release|Any CPU.ActiveCfg = Release|Any CPU
		{ABA5FF78-BCA2-4226-9503-38356F4006A0}.Release|Any CPU.Build.0 = Release|Any CPU
		{4B969BDA-3463-48BF-8958-E058439FACE2}.Debug|Any CPU.ActiveCfg = Debug|Any CPU
		{4B969BDA-3463-48BF-8958-E058439FACE2}.Debug|Any CPU.Build.0 = Debug|Any CPU
		{4B969BDA-3463-48BF-8958-E058439FACE2}.Release|Any CPU.ActiveCfg = Release|Any CPU
		{4B969BDA-3463-48BF-8958-E058439FACE2}.Release|Any CPU.Build.0 = Release|Any CPU
		{15ECC01C-69CE-4757-9744-961EAE89EF54}.Debug|Any CPU.ActiveCfg = Debug|Any CPU
		{15ECC01C-69CE-4757-9744-961EAE89EF54}.Debug|Any CPU.Build.0 = Debug|Any CPU
		{15ECC01C-69CE-4757-9744-961EAE89EF54}.Release|Any CPU.ActiveCfg = Release|Any CPU
		{15ECC01C-69CE-4757-9744-961EAE89EF54}.Release|Any CPU.Build.0 = Release|Any CPU
	EndGlobalSection
	GlobalSection(SolutionProperties) = preSolution
		HideSolutionNode = FALSE
	EndGlobalSection
	GlobalSection(ExtensibilityGlobals) = postSolution
		SolutionGuid = {B7E2BCB7-59D2-4C67-978D-9B342B642F82}
	EndGlobalSection
EndGlobal
